
Microsoft Visual Studio Solution File, Format Version 12.00
# Visual Studio Version 17
VisualStudioVersion = 17.4.33213.308
MinimumVisualStudioVersion = 10.0.40219.1
Project("{FAE04EC0-301F-11D3-BF4B-00C04F79EFBC}") = "Palindromer", "Palindromer\Palindromer.csproj", "{AB32D808-56F2-43BA-89DA-F8F299F8FC14}"
EndProject
Global
	GlobalSection(SolutionConfigurationPlatforms) = preSolution
		Debug|Any CPU = Debug|Any CPU
		Release|Any CPU = Release|Any CPU
	EndGlobalSection
	GlobalSection(ProjectConfigurationPlatforms) = postSolution
		{AB32D808-56F2-43BA-89DA-F8F299F8FC14}.Debug|Any CPU.ActiveCfg = Debug|Any CPU
		{AB32D808-56F2-43BA-89DA-F8F299F8FC14}.Debug|Any CPU.Build.0 = Debug|Any CPU
		{AB32D808-56F2-43BA-89DA-F8F299F8FC14}.Release|Any CPU.ActiveCfg = Release|Any CPU
		{AB32D808-56F2-43BA-89DA-F8F299F8FC14}.Release|Any CPU.Build.0 = Release|Any CPU
	EndGlobalSection
	GlobalSection(SolutionProperties) = preSolution
		HideSolutionNode = FALSE
	EndGlobalSection
	GlobalSection(ExtensibilityGlobals) = postSolution
		SolutionGuid = {EED6558C-B9D5-42FE-8B29-481A5EC89F0E}
	EndGlobalSection
EndGlobal
